PODS:
  - Flutter (1.0.0)
  - network_info_plus (0.0.1):
    - Flutter
  - shared_preferences_foundation (0.0.1):
    - Flutter
    - FlutterMacOS
  - url_launcher_ios (0.0.1):
    - Flutter

DEPENDENCIES:
  - Flutter (from `Flutter`)
  - network_info_plus (from `.symlinks/plugins/network_info_plus/ios`)
  - shared_preferences_foundation (from `.symlinks/plugins/shared_preferences_foundation/darwin`)
  - url_launcher_ios (from `.symlinks/plugins/url_launcher_ios/ios`)

EXTERNAL SOURCES:
  Flutter:
    :path: Flutter
  network_info_plus:
    :path: ".symlinks/plugins/network_info_plus/ios"
  shared_preferences_foundation:
    :path: ".symlinks/plugins/shared_preferences_foundation/darwin"
  url_launcher_ios:
    :path: ".symlinks/plugins/url_launcher_ios/ios"

SPEC CHECKSUMS:
  Flutter: f04841e97a9d0b0a8025694d0796dd46242b2854
  network_info_plus: 122280582fe2fa2bbb8681a4269745cd5c3a9b32
  shared_preferences_foundation: 297b3ebca31b34ec92be11acd7fb0ba932c822ca
  url_launcher_ios: fb12c43172927bb5cf75aeebd073f883801f1993

PODFILE CHECKSUM: 1a86e7654bb8611f38728384d250276ef708ee5f

COCOAPODS: 1.12.1
