PODS:
  - Flutter (1.0.0)
  - network_info_plus (0.0.1):
    - Flutter

DEPENDENCIES:
  - Flutter (from `Flutter`)
  - network_info_plus (from `.symlinks/plugins/network_info_plus/ios`)

EXTERNAL SOURCES:
  Flutter:
    :path: Flutter
  network_info_plus:
    :path: ".symlinks/plugins/network_info_plus/ios"

SPEC CHECKSUMS:
  Flutter: cabc95a1d2626b1b06e7179b784ebcf0c0cde467
  network_info_plus: 16d8832ab43b7bc22b168d76fffcad9da35486d2

PODFILE CHECKSUM: 6a13cda4e7ff715f88e19d3207a478763d1a568f

COCOAPODS: 1.16.2
